
Microsoft Visual Studio Solution File, Format Version 12.00
# Visual Studio Version 17
VisualStudioVersion = 17.13.35931.197 d17.13
MinimumVisualStudioVersion = 10.0.40219.1
Project("{FAE04EC0-301F-11D3-BF4B-00C04F79EFBC}") = "Mikulásbácsihozta_PDD", "Mikulásbácsihozta_PDD\Mikulásbácsihozta_PDD.csproj", "{EE5E497A-83F5-4259-B3CD-2F721C090413}"
EndProject
Global
	GlobalSection(SolutionConfigurationPlatforms) = preSolution
		Debug|Any CPU = Debug|Any CPU
		Release|Any CPU = Release|Any CPU
	EndGlobalSection
	GlobalSection(ProjectConfigurationPlatforms) = postSolution
		{EE5E497A-83F5-4259-B3CD-2F721C090413}.Debug|Any CPU.ActiveCfg = Debug|Any CPU
		{EE5E497A-83F5-4259-B3CD-2F721C090413}.Debug|Any CPU.Build.0 = Debug|Any CPU
		{EE5E497A-83F5-4259-B3CD-2F721C090413}.Release|Any CPU.ActiveCfg = Release|Any CPU
		{EE5E497A-83F5-4259-B3CD-2F721C090413}.Release|Any CPU.Build.0 = Release|Any CPU
	EndGlobalSection
	GlobalSection(SolutionProperties) = preSolution
		HideSolutionNode = FALSE
	EndGlobalSection
	GlobalSection(ExtensibilityGlobals) = postSolution
		SolutionGuid = {17BAF008-CA09-4164-AAAD-C57A89638F46}
	EndGlobalSection
EndGlobal
